{
  "version": 4,
  "terraform_version": "0.13.2",
  "serial": 4,
  "lineage": "57e077c6-64a7-52b8-7c25-7cdc17bf3744",
  "outputs": {},
  "resources": [
    {
      "mode": "managed",
      "type": "aws_iam_role",
      "name": "daniel_test_role",
      "provider": "provider[\"registry.terraform.io/hashicorp/aws\"]",
      "instances": [
        {
          "schema_version": 0,
          "attributes": {
            "arn": "arn:aws:iam::431525257644:role/daniel_test_role",
            "assume_role_policy": "{\"Version\":\"2012-10-17\",\"Statement\":[{\"Sid\":\"\",\"Effect\":\"Allow\",\"Principal\":{\"Service\":\"events.amazonaws.com\"},\"Action\":\"sts:AssumeRole\"}]}",
            "create_date": "2020-09-30T01:18:30Z",
            "description": "",
            "force_detach_policies": false,
            "id": "daniel_test_role",
            "max_session_duration": 3600,
            "name": "daniel_test_role",
            "name_prefix": null,
            "path": "/",
            "permissions_boundary": null,
            "tags": {},
            "unique_id": "AROAWI6HI4GWDQ645UC72"
          },
          "private": "bnVsbA=="
        }
      ]
    }
  ]
}
