{
  "version": 4,
  "terraform_version": "0.13.2",
  "serial": 1,
  "lineage": "e67d0b5a-7aec-cdcb-d931-ce47bfaeafa6",
  "outputs": {},
  "resources": [
    {
      "mode": "managed",
      "type": "aws_dynamodb_table_item",
      "name": "configuration_region",
      "provider": "provider[\"registry.terraform.io/hashicorp/aws\"]",
      "instances": [
        {
          "schema_version": 0,
          "attributes": {
            "hash_key": "accountId",
            "id": "ops-prod-awsregions|accountId||1234567890|",
            "item": "{\n    \"accountId\": { \"S\": \"1234567890\" },\n    \"regions\":  { \"L\": [{ \"S\": \"ap-southeast-1\" }]}\n}\n",
            "range_key": null,
            "table_name": "ops-prod-awsregions"
          },
          "private": "bnVsbA=="
        }
      ]
    }
  ]
}
