{
  "version": 4,
  "terraform_version": "0.13.2",
  "serial": 12,
  "lineage": "11381768-e323-7c94-43e7-73f7445e0545",
  "outputs": {},
  "resources": [
    {
      "mode": "managed",
      "type": "aws_lambda_permission",
      "name": "lambda_permission",
      "provider": "provider[\"registry.terraform.io/hashicorp/aws\"]",
      "instances": [
        {
          "schema_version": 0,
          "attributes": {
            "action": "lambda:InvokeFunction",
            "event_source_token": null,
            "function_name": "daniel-terraform-lambda",
            "id": "terraform-20200909035720984900000002",
            "principal": "events.amazonaws.com",
            "qualifier": "",
            "source_account": null,
            "source_arn": "arn:aws:events:ap-southeast-2:431525257644:rule/daniel-test-rule",
            "statement_id": "terraform-20200909035720984900000002",
            "statement_id_prefix": null
          },
          "private": "bnVsbA=="
        }
      ]
    },
    {
      "mode": "managed",
      "type": "aws_lambda_permission",
      "name": "lambda_permission2",
      "provider": "provider[\"registry.terraform.io/hashicorp/aws\"]",
      "instances": [
        {
          "schema_version": 0,
          "attributes": {
            "action": "lambda:InvokeFunction",
            "event_source_token": null,
            "function_name": "daniel-terraform-lambda",
            "id": "terraform-20200909035720984900000001",
            "principal": "ec2.amazonaws.com",
            "qualifier": "",
            "source_account": null,
            "source_arn": "arn:aws:events:ap-southeast-2:431525257644:rule/daniel-test-rule2",
            "statement_id": "terraform-20200909035720984900000001",
            "statement_id_prefix": null
          },
          "private": "bnVsbA=="
        }
      ]
    }
  ]
}
