{
  "version": 4,
  "terraform_version": "0.12.24",
  "serial": 1,
  "lineage": "435af260-5670-5f1c-048e-5ab4e1f1369f",
  "outputs": {},
  "resources": [
    {
      "mode": "managed",
      "type": "aws_iam_role",
      "name": "sample_roles",
      "provider": "provider.aws",
      "instances": [
        {
          "schema_version": 0,
          "attributes": {
            "arn": "arn:aws:iam::431525257644:role/terraform-20200720085911098400000001",
            "assume_role_policy": "{\"Version\":\"2012-10-17\",\"Statement\":[{\"Sid\":\"\",\"Effect\":\"Allow\",\"Principal\":{\"Service\":\"ec2.amazonaws.com\"},\"Action\":\"sts:AssumeRole\"}]}",
            "create_date": "2020-07-20T08:59:12Z",
            "description": "",
            "force_detach_policies": false,
            "id": "terraform-20200720085911098400000001",
            "max_session_duration": 3600,
            "name": "terraform-20200720085911098400000001",
            "name_prefix": null,
            "path": "/",
            "permissions_boundary": null,
            "tags": {
              "Tag1": "abc",
              "Tag2": "123"
            },
            "unique_id": "AROAWI6HI4GWAOVHQ4PP5"
          },
          "private": "bnVsbA=="
        }
      ]
    }
  ]
}
