{
  "version": 4,
  "terraform_version": "0.12.24",
  "serial": 8,
  "lineage": "cefb9c88-23cd-5ac0-8766-20e50c1c8371",
  "outputs": {
    "local_roles": {
      "value": [
        "sample_role_role1",
        "sample_role_role2"
      ],
      "type": [
        "tuple",
        [
          "string",
          "string"
        ]
      ]
    },
    "role_name": {
      "value": [
        "sample_role_role1",
        "sample_role_role2"
      ],
      "type": [
        "tuple",
        [
          "string",
          "string"
        ]
      ]
    }
  },
  "resources": [
    {
      "mode": "managed",
      "type": "aws_iam_role",
      "name": "sample_roles",
      "each": "map",
      "provider": "provider.aws",
      "instances": [
        {
          "index_key": "role1",
          "schema_version": 0,
          "attributes": {
            "arn": "arn:aws:iam::431525257644:role/sample_role_role1",
            "assume_role_policy": "{\"Version\":\"2012-10-17\",\"Statement\":[{\"Sid\":\"\",\"Effect\":\"Allow\",\"Principal\":{\"Service\":\"ec2.amazonaws.com\"},\"Action\":\"sts:AssumeRole\"}]}",
            "create_date": "2020-07-08T04:23:23Z",
            "description": "",
            "force_detach_policies": false,
            "id": "sample_role_role1",
            "max_session_duration": 3600,
            "name": "sample_role_role1",
            "name_prefix": null,
            "path": "/",
            "permissions_boundary": null,
            "tags": null,
            "unique_id": "AROAWI6HI4GWBKNZO5DHU"
          },
          "private": "bnVsbA=="
        },
        {
          "index_key": "role2",
          "schema_version": 0,
          "attributes": {
            "arn": "arn:aws:iam::431525257644:role/sample_role_role2",
            "assume_role_policy": "{\"Version\":\"2012-10-17\",\"Statement\":[{\"Sid\":\"\",\"Effect\":\"Allow\",\"Principal\":{\"Service\":\"ec2.amazonaws.com\"},\"Action\":\"sts:AssumeRole\"}]}",
            "create_date": "2020-07-08T04:23:17Z",
            "description": "",
            "force_detach_policies": false,
            "id": "sample_role_role2",
            "max_session_duration": 3600,
            "name": "sample_role_role2",
            "name_prefix": null,
            "path": "/",
            "permissions_boundary": null,
            "tags": null,
            "unique_id": "AROAWI6HI4GWMNGPFLAGN"
          },
          "private": "bnVsbA=="
        }
      ]
    }
  ]
}
