{
  "version": 4,
  "terraform_version": "0.12.24",
  "serial": 6,
  "lineage": "3dafbdfa-9293-eca2-2209-a3b4125e1014",
  "outputs": {},
  "resources": [
    {
      "mode": "data",
      "type": "archive_file",
      "name": "lambda_zip",
      "provider": "provider.archive",
      "instances": [
        {
          "schema_version": 0,
          "attributes": {
            "excludes": null,
            "id": "cbf65f3e6145c4b8204ba2a1c7be9f86ea88ba56",
            "output_base64sha256": "M+sRy+lALBanE5jBXoTkS8wXNyCAIJcj/dAcrOin3vA=",
            "output_md5": "42d74124188f6b9fbf41d57c2d341df8",
            "output_path": "./lambda.zip",
            "output_sha": "cbf65f3e6145c4b8204ba2a1c7be9f86ea88ba56",
            "output_size": 198,
            "source": [],
            "source_content": null,
            "source_content_filename": null,
            "source_dir": "./src",
            "source_file": null,
            "type": "zip"
          }
        }
      ]
    },
    {
      "mode": "managed",
      "type": "aws_iam_role",
      "name": "iam_for_lambda",
      "provider": "provider.aws",
      "instances": [
        {
          "schema_version": 0,
          "attributes": {
            "arn": "arn:aws:iam::431525257644:role/iam_for_lambda",
            "assume_role_policy": "{\"Version\":\"2012-10-17\",\"Statement\":[{\"Sid\":\"\",\"Effect\":\"Allow\",\"Principal\":{\"Service\":\"lambda.amazonaws.com\"},\"Action\":\"sts:AssumeRole\"}]}",
            "create_date": "2020-06-26T00:25:41Z",
            "description": "",
            "force_detach_policies": false,
            "id": "iam_for_lambda",
            "max_session_duration": 3600,
            "name": "iam_for_lambda",
            "name_prefix": null,
            "path": "/",
            "permissions_boundary": null,
            "tags": {},
            "unique_id": "AROAWI6HI4GWKD4UISM7U"
          },
          "private": "bnVsbA=="
        }
      ]
    },
    {
      "mode": "managed",
      "type": "aws_lambda_function",
      "name": "test_lambda",
      "provider": "provider.aws",
      "instances": [
        {
          "schema_version": 0,
          "attributes": {
            "arn": "arn:aws:lambda:ap-southeast-2:431525257644:function:lambda_function_name",
            "dead_letter_config": [],
            "description": "",
            "environment": [],
            "file_system_config": [],
            "filename": "{data.archive_file.lambda_zip.output_path}",
            "function_name": "lambda_function_name",
            "handler": "lambda_handler.lambda_handler",
            "id": "lambda_function_name",
            "invoke_arn": "arn:aws:apigateway:ap-southeast-2:lambda:path/2015-03-31/functions/arn:aws:lambda:ap-southeast-2:431525257644:function:lambda_function_name/invocations",
            "kms_key_arn": "",
            "last_modified": "2020-06-26T00:28:58.661+0000",
            "layers": [],
            "memory_size": 128,
            "publish": false,
            "qualified_arn": "arn:aws:lambda:ap-southeast-2:431525257644:function:lambda_function_name:$LATEST",
            "reserved_concurrent_executions": -1,
            "role": "{aws_iam_role.iam_for_lambda.arn}",
            "runtime": "python3.6",
            "s3_bucket": null,
            "s3_key": null,
            "s3_object_version": null,
            "source_code_hash": "M+sRy+lALBanE5jBXoTkS8wXNyCAIJcj/dAcrOin3vA=",
            "source_code_size": 198,
            "tags": {},
            "timeout": 3,
            "timeouts": null,
            "tracing_config": [
              {
                "mode": "PassThrough"
              }
            ],
            "version": "$LATEST",
            "vpc_config": []
          },
          "private": "eyJlMmJmYjczMC1lY2FhLTExZTYtOGY4OC0zNDM2M2JjN2M0YzAiOnsiY3JlYXRlIjo2MDAwMDAwMDAwMDB9fQ=="
        }
      ]
    }
  ]
}
