{
  "version": 4,
  "terraform_version": "0.12.24",
  "serial": 2,
  "lineage": "14b065d1-8ac3-2f1f-356f-4af27e902864",
  "outputs": {
    "nacl_id": {
      "value": "nacl-2023679398",
      "type": "string"
    }
  },
  "resources": [
    {
      "mode": "managed",
      "type": "aws_network_acl_rule",
      "name": "test_nacl_rule",
      "provider": "provider.aws",
      "instances": [
        {
          "schema_version": 0,
          "attributes": {
            "cidr_block": "172.17.10.0/28",
            "egress": false,
            "from_port": null,
            "icmp_code": null,
            "icmp_type": null,
            "id": "nacl-2023679398",
            "ipv6_cidr_block": "",
            "network_acl_id": "acl-0e9c95fa1e96f3789",
            "protocol": "all",
            "rule_action": "deny",
            "rule_number": 2000,
            "to_port": null
          },
          "private": "bnVsbA=="
        }
      ]
    }
  ]
}
