{
  "version": 4,
  "terraform_version": "0.12.24",
  "serial": 1,
  "lineage": "347ce70d-3e4b-fa58-f1b6-1bfa78e571dc",
  "outputs": {},
  "resources": [
    {
      "mode": "managed",
      "type": "aws_iam_role",
      "name": "terraform_test_role",
      "provider": "provider.aws",
      "instances": [
        {
          "schema_version": 0,
          "attributes": {
            "arn": "arn:aws:iam::431525257644:role/terraform-20200619071301334700000001",
            "assume_role_policy": "{\"Version\":\"2012-10-17\",\"Statement\":[{\"Sid\":\"\",\"Effect\":\"Allow\",\"Principal\":{\"Service\":\"ec2.amazonaws.com\"},\"Action\":\"sts:AssumeRole\"}]}",
            "create_date": "2020-06-19T07:13:02Z",
            "description": "",
            "force_detach_policies": false,
            "id": "terraform-20200619071301334700000001",
            "max_session_duration": 3600,
            "name": "terraform-20200619071301334700000001",
            "name_prefix": null,
            "path": "/",
            "permissions_boundary": null,
            "tags": {
              "name": "test-role"
            },
            "unique_id": "AROAWI6HI4GWDRBV35TM7"
          },
          "private": "bnVsbA=="
        }
      ]
    }
  ]
}
