{
  "version": 4,
  "terraform_version": "0.12.24",
  "serial": 43,
  "lineage": "5e9105ba-c143-f12a-33a0-cd099f59627e",
  "outputs": {},
  "resources": [
    {
      "module": "module.cw_rule",
      "mode": "managed",
      "type": "aws_cloudwatch_event_rule",
      "name": "cloudwatch_event_rules",
      "each": "list",
      "provider": "provider.aws",
      "instances": [
        {
          "index_key": 0,
          "schema_version": 0,
          "attributes": {
            "arn": "arn:aws:events:ap-southeast-2:431525257644:rule/test-rule-1",
            "description": "test rule 1",
            "event_pattern": null,
            "id": "test-rule-1",
            "is_enabled": false,
            "name": "test-rule-1",
            "name_prefix": null,
            "role_arn": "",
            "schedule_expression": "cron(0 1 * * ? *)",
            "tags": null
          },
          "private": "bnVsbA=="
        },
        {
          "index_key": 1,
          "schema_version": 0,
          "attributes": {
            "arn": "arn:aws:events:ap-southeast-2:431525257644:rule/test-rule-2",
            "description": "test rule 2",
            "event_pattern": null,
            "id": "test-rule-2",
            "is_enabled": false,
            "name": "test-rule-2",
            "name_prefix": null,
            "role_arn": "",
            "schedule_expression": "cron(0 2 * * ? *)",
            "tags": null
          },
          "private": "bnVsbA=="
        }
      ]
    },
    {
      "module": "module.cw_rule",
      "mode": "managed",
      "type": "aws_cloudwatch_event_target",
      "name": "cloudwatch_event_targets",
      "each": "list",
      "provider": "provider.aws",
      "instances": [
        {
          "index_key": 0,
          "schema_version": 0,
          "attributes": {
            "arn": "arn:aws:lambda:ap-southeast-2:431525257644:function:event-test",
            "batch_target": [],
            "ecs_target": [],
            "id": "test-rule-1-terraform-20200827090332762400000001",
            "input": "{\"k1\":\"v1\",\"k2\":\"v2\"}",
            "input_path": "",
            "input_transformer": [],
            "kinesis_target": [],
            "role_arn": "",
            "rule": "test-rule-1",
            "run_command_targets": [],
            "sqs_target": [],
            "target_id": "terraform-20200827090332762400000001"
          },
          "private": "bnVsbA==",
          "dependencies": [
            "module.cw_rule.aws_cloudwatch_event_rule.cloudwatch_event_rules"
          ]
        },
        {
          "index_key": 1,
          "schema_version": 0,
          "attributes": {
            "arn": "arn:aws:lambda:ap-southeast-2:431525257644:function:event-test",
            "batch_target": [],
            "ecs_target": [],
            "id": "test-rule-2-terraform-20200827090332762500000002",
            "input": "",
            "input_path": "",
            "input_transformer": [],
            "kinesis_target": [],
            "role_arn": "",
            "rule": "test-rule-2",
            "run_command_targets": [],
            "sqs_target": [],
            "target_id": "terraform-20200827090332762500000002"
          },
          "private": "bnVsbA==",
          "dependencies": [
            "module.cw_rule.aws_cloudwatch_event_rule.cloudwatch_event_rules"
          ]
        }
      ]
    },
    {
      "module": "module.cw_rule",
      "mode": "managed",
      "type": "aws_lambda_permission",
      "name": "lambda_permission",
      "provider": "provider.aws",
      "instances": [
        {
          "schema_version": 0,
          "attributes": {
            "action": "lambda:InvokeFunction",
            "event_source_token": null,
            "function_name": "event-test",
            "id": "AllowExecutionFromCloudWatchEventRule",
            "principal": "events.amazonaws.com",
            "qualifier": "",
            "source_account": null,
            "source_arn": null,
            "statement_id": "AllowExecutionFromCloudWatchEventRule",
            "statement_id_prefix": null
          },
          "private": "bnVsbA=="
        }
      ]
    }
  ]
}
