{
  "version": 4,
  "terraform_version": "0.12.24",
  "serial": 2,
  "lineage": "f80cb25c-6b9c-1e79-b89a-06bfcd6a5a45",
  "outputs": {},
  "resources": [
    {
      "mode": "managed",
      "type": "aws_api_gateway_integration",
      "name": "example",
      "provider": "provider.aws",
      "instances": [
        {
          "schema_version": 0,
          "attributes": {
            "cache_key_parameters": [],
            "cache_namespace": "uhgxczjcu0",
            "connection_id": "",
            "connection_type": "INTERNET",
            "content_handling": "CONVERT_TO_TEXT",
            "credentials": "",
            "http_method": "POST",
            "id": "agi-ffywsu7zqc-uhgxczjcu0-POST",
            "integration_http_method": "POST",
            "passthrough_behavior": "WHEN_NO_MATCH",
            "request_parameters": {},
            "request_parameters_in_json": null,
            "request_templates": {},
            "resource_id": "uhgxczjcu0",
            "rest_api_id": "ffywsu7zqc",
            "timeout_milliseconds": 29000,
            "type": "AWS",
            "uri": "arn:aws:apigateway:ap-southeast-2:lambda:path/2015-03-31/functions/arn:aws:lambda:ap-southeast-2:431525257644:function:argos-alerts-nca-forwarder/invocations"
          },
          "private": "eyJzY2hlbWFfdmVyc2lvbiI6IjAifQ=="
        }
      ]
    },
    {
      "mode": "managed",
      "type": "aws_api_gateway_rest_api",
      "name": "example",
      "provider": "provider.aws",
      "instances": [
        {
          "schema_version": 0,
          "attributes": {
            "api_key_source": "HEADER",
            "arn": "arn:aws:apigateway:ap-southeast-2::/restapis/ffywsu7zqc",
            "binary_media_types": [],
            "body": null,
            "created_date": "2020-06-30T06:54:37Z",
            "description": "API gateway forwarding Argos Alerts to NCA",
            "endpoint_configuration": [
              {
                "types": [
                  "EDGE"
                ],
                "vpc_endpoint_ids": []
              }
            ],
            "execution_arn": "arn:aws:execute-api:ap-southeast-2:431525257644:ffywsu7zqc",
            "id": "ffywsu7zqc",
            "minimum_compression_size": -1,
            "name": "forwarder_api_gateway",
            "policy": "",
            "root_resource_id": "uhgxczjcu0",
            "tags": {}
          },
          "private": "eyJzY2hlbWFfdmVyc2lvbiI6IjAifQ=="
        }
      ]
    }
  ]
}
