{
  "version": 4,
  "terraform_version": "0.12.24",
  "serial": 1,
  "lineage": "d01f0962-a705-c578-6b98-f611fc62e79c",
  "outputs": {},
  "resources": [
    {
      "mode": "managed",
      "type": "aws_cloudwatch_event_target",
      "name": "test-event-target",
      "provider": "provider.aws",
      "instances": [
        {
          "schema_version": 0,
          "attributes": {
            "arn": "arn:aws:lambda:ap-southeast-2:431525257644:function:task-ec2-scheduled-changes-dev-process",
            "batch_target": [],
            "ecs_target": [],
            "id": "StackSet-ConfigRule-Stack-ProcessEventsRuleSchedul-15UDNTQRCB947-processSchedule",
            "input": "{\"arg1\":\"UTC_NOON\"}",
            "input_path": "",
            "input_transformer": [],
            "kinesis_target": [],
            "role_arn": "",
            "rule": "StackSet-ConfigRule-Stack-ProcessEventsRuleSchedul-15UDNTQRCB947",
            "run_command_targets": [],
            "sqs_target": [],
            "target_id": "processSchedule"
          },
          "private": "eyJzY2hlbWFfdmVyc2lvbiI6IjAifQ=="
        }
      ]
    }
  ]
}
